
Microsoft Visual Studio Solution File, Format Version 12.00
# Visual Studio Version 16
VisualStudioVersion = 16.0.31025.218
MinimumVisualStudioVersion = 10.0.40219.1
Project("{9A19103F-16F7-4668-BE54-9A1E7A4F7556}") = "GrpcService", "GrpcService\GrpcService.csproj", "{86EA2008-CAEB-4D3E-A421-1215447AF9C0}"
EndProject
Project("{2150E333-8FDC-42A3-9474-1A3956D46DE8}") = "Backend", "Backend", "{471B2029-F665-4DEC-8AEF-33CCD76AD7A0}"
EndProject
Project("{2150E333-8FDC-42A3-9474-1A3956D46DE8}") = "Frontend", "Frontend", "{6C9AC48B-5B46-46BA-99C3-80EA99A6AD70}"
EndProject
Project("{9A19103F-16F7-4668-BE54-9A1E7A4F7556}") = "WpfApp", "Frontend\WpfApp\WpfApp.csproj", "{4D8654BD-C8D5-4251-985E-3EBCD4D44918}"
EndProject


Project("{2150E333-8FDC-42A3-9474-1A3956D46DE8}") = "ProtoLibConnection", "ProtoLibConnection", "{71F7FBB4-3202-4C73-A392-DE87C7A30EA3}"
EndProject
Project("{FAE04EC0-301F-11D3-BF4B-00C04F79EFBC}") = "ProtoConnectionLibWPF", "Lib\ProtoConnectionLibWPF\ProtoConnectionLibWPF.csproj", "{33471681-CA2D-4707-AFB9-16DFB739D75E}"
EndProject
Project("{FAE04EC0-301F-11D3-BF4B-00C04F79EFBC}") = "DbConnectionLib", "BackendLib\DbConnectionLib\DbConnectionLib.csproj", "{BAF27AA5-C134-43B3-8DF7-ACD8C836F924}"
EndProject
Global
	GlobalSection(SolutionConfigurationPlatforms) = preSolution
		Debug|Any CPU = Debug|Any CPU
		Release|Any CPU = Release|Any CPU
	EndGlobalSection
	GlobalSection(ProjectConfigurationPlatforms) = postSolution
		{86EA2008-CAEB-4D3E-A421-1215447AF9C0}.Debug|Any CPU.ActiveCfg = Debug|Any CPU
		{86EA2008-CAEB-4D3E-A421-1215447AF9C0}.Debug|Any CPU.Build.0 = Debug|Any CPU
		{86EA2008-CAEB-4D3E-A421-1215447AF9C0}.Release|Any CPU.ActiveCfg = Release|Any CPU
		{86EA2008-CAEB-4D3E-A421-1215447AF9C0}.Release|Any CPU.Build.0 = Release|Any CPU
		{4D8654BD-C8D5-4251-985E-3EBCD4D44918}.Debug|Any CPU.ActiveCfg = Debug|Any CPU
		{4D8654BD-C8D5-4251-985E-3EBCD4D44918}.Debug|Any CPU.Build.0 = Debug|Any CPU
		{4D8654BD-C8D5-4251-985E-3EBCD4D44918}.Release|Any CPU.ActiveCfg = Release|Any CPU
		{4D8654BD-C8D5-4251-985E-3EBCD4D44918}.Release|Any CPU.Build.0 = Release|Any CPU
		{33471681-CA2D-4707-AFB9-16DFB739D75E}.Debug|Any CPU.ActiveCfg = Debug|Any CPU
		{33471681-CA2D-4707-AFB9-16DFB739D75E}.Debug|Any CPU.Build.0 = Debug|Any CPU
		{33471681-CA2D-4707-AFB9-16DFB739D75E}.Release|Any CPU.ActiveCfg = Release|Any CPU
		{33471681-CA2D-4707-AFB9-16DFB739D75E}.Release|Any CPU.Build.0 = Release|Any CPU
		{BAF27AA5-C134-43B3-8DF7-ACD8C836F924}.Debug|Any CPU.ActiveCfg = Debug|Any CPU
		{BAF27AA5-C134-43B3-8DF7-ACD8C836F924}.Debug|Any CPU.Build.0 = Debug|Any CPU
		{BAF27AA5-C134-43B3-8DF7-ACD8C836F924}.Release|Any CPU.ActiveCfg = Release|Any CPU
		{BAF27AA5-C134-43B3-8DF7-ACD8C836F924}.Release|Any CPU.Build.0 = Release|Any CPU
	EndGlobalSection
	GlobalSection(SolutionProperties) = preSolution
		HideSolutionNode = FALSE
	EndGlobalSection
	GlobalSection(NestedProjects) = preSolution
		{86EA2008-CAEB-4D3E-A421-1215447AF9C0} = {471B2029-F665-4DEC-8AEF-33CCD76AD7A0}
		{4D8654BD-C8D5-4251-985E-3EBCD4D44918} = {6C9AC48B-5B46-46BA-99C3-80EA99A6AD70}
		{DC9ED86E-56F2-4101-AA54-F32E31F52543} = {4544EF2E-C007-4570-ABB7-D113C5AF06B0}
		{71F7FBB4-3202-4C73-A392-DE87C7A30EA3} = {4544EF2E-C007-4570-ABB7-D113C5AF06B0}
		{33471681-CA2D-4707-AFB9-16DFB739D75E} = {71F7FBB4-3202-4C73-A392-DE87C7A30EA3}
		{BAF27AA5-C134-43B3-8DF7-ACD8C836F924} = {471B2029-F665-4DEC-8AEF-33CCD76AD7A0}
	EndGlobalSection
	GlobalSection(ExtensibilityGlobals) = postSolution
		SolutionGuid = {B90C675C-3255-404F-B1CF-51CBC6ADA926}
	EndGlobalSection
EndGlobal
